
Microsoft Visual Studio Solution File, Format Version 12.00
# Visual Studio Version 16
VisualStudioVersion = 16.0.29728.190
MinimumVisualStudioVersion = 10.0.40219.1
Project("{9A19103F-16F7-4668-BE54-9A1E7A4F7556}") = "DidYouMeanComp1", "DidYouMeanComp1\DidYouMeanComp1.csproj", "{86C78668-54B1-400E-9DA5-057A31C6F99A}"
EndProject
Project("{9A19103F-16F7-4668-BE54-9A1E7A4F7556}") = "LoadBalancer", "LoadBalancer\LoadBalancer.csproj", "{2E7F726F-2542-4E2D-8558-4220B6DD7C22}"
EndProject
Project("{9A19103F-16F7-4668-BE54-9A1E7A4F7556}") = "DidYouMeanBLL", "DidYouMeanBLL\DidYouMeanBLL.csproj", "{9C41EB5A-46FD-45C7-B88A-2BB6D37FD789}"
EndProject
Project("{9A19103F-16F7-4668-BE54-9A1E7A4F7556}") = "DidYouMeanBLL2", "DidYouMeanBLL2\DidYouMeanBLL2.csproj", "{851A8EAD-56AB-444A-A1F4-7426B3BE5305}"
EndProject
Project("{FAE04EC0-301F-11D3-BF4B-00C04F79EFBC}") = "Models", "Models\Models.csproj", "{48AFD9DC-63DC-4D82-9152-120EAE65E2DC}"
EndProject
Global
	GlobalSection(SolutionConfigurationPlatforms) = preSolution
		Debug|Any CPU = Debug|Any CPU
		Release|Any CPU = Release|Any CPU
	EndGlobalSection
	GlobalSection(ProjectConfigurationPlatforms) = postSolution
		{86C78668-54B1-400E-9DA5-057A31C6F99A}.Debug|Any CPU.ActiveCfg = Debug|Any CPU
		{86C78668-54B1-400E-9DA5-057A31C6F99A}.Debug|Any CPU.Build.0 = Debug|Any CPU
		{86C78668-54B1-400E-9DA5-057A31C6F99A}.Release|Any CPU.ActiveCfg = Release|Any CPU
		{86C78668-54B1-400E-9DA5-057A31C6F99A}.Release|Any CPU.Build.0 = Release|Any CPU
		{2E7F726F-2542-4E2D-8558-4220B6DD7C22}.Debug|Any CPU.ActiveCfg = Debug|Any CPU
		{2E7F726F-2542-4E2D-8558-4220B6DD7C22}.Debug|Any CPU.Build.0 = Debug|Any CPU
		{2E7F726F-2542-4E2D-8558-4220B6DD7C22}.Release|Any CPU.ActiveCfg = Release|Any CPU
		{2E7F726F-2542-4E2D-8558-4220B6DD7C22}.Release|Any CPU.Build.0 = Release|Any CPU
		{9C41EB5A-46FD-45C7-B88A-2BB6D37FD789}.Debug|Any CPU.ActiveCfg = Debug|Any CPU
		{9C41EB5A-46FD-45C7-B88A-2BB6D37FD789}.Debug|Any CPU.Build.0 = Debug|Any CPU
		{9C41EB5A-46FD-45C7-B88A-2BB6D37FD789}.Release|Any CPU.ActiveCfg = Release|Any CPU
		{9C41EB5A-46FD-45C7-B88A-2BB6D37FD789}.Release|Any CPU.Build.0 = Release|Any CPU
		{851A8EAD-56AB-444A-A1F4-7426B3BE5305}.Debug|Any CPU.ActiveCfg = Debug|Any CPU
		{851A8EAD-56AB-444A-A1F4-7426B3BE5305}.Debug|Any CPU.Build.0 = Debug|Any CPU
		{851A8EAD-56AB-444A-A1F4-7426B3BE5305}.Release|Any CPU.ActiveCfg = Release|Any CPU
		{851A8EAD-56AB-444A-A1F4-7426B3BE5305}.Release|Any CPU.Build.0 = Release|Any CPU
		{48AFD9DC-63DC-4D82-9152-120EAE65E2DC}.Debug|Any CPU.ActiveCfg = Debug|Any CPU
		{48AFD9DC-63DC-4D82-9152-120EAE65E2DC}.Debug|Any CPU.Build.0 = Debug|Any CPU
		{48AFD9DC-63DC-4D82-9152-120EAE65E2DC}.Release|Any CPU.ActiveCfg = Release|Any CPU
		{48AFD9DC-63DC-4D82-9152-120EAE65E2DC}.Release|Any CPU.Build.0 = Release|Any CPU
	EndGlobalSection
	GlobalSection(SolutionProperties) = preSolution
		HideSolutionNode = FALSE
	EndGlobalSection
	GlobalSection(ExtensibilityGlobals) = postSolution
		SolutionGuid = {C6CD75F3-276A-43DA-93CA-8C7E287B4EE4}
	EndGlobalSection
EndGlobal
